
Microsoft Visual Studio Solution File, Format Version 12.00
# Visual Studio Express 2012 for Web
Project("{FAE04EC0-301F-11D3-BF4B-00C04F79EFBC}") = "CodeFirst", "CodeFirst\CodeFirst.csproj", "{1A1B6CAA-443C-4E28-8A9B-6959B63FC76E}"
EndProject
Global
	GlobalSection(SolutionConfigurationPlatforms) = preSolution
		Debug|Any CPU = Debug|Any CPU
		Release|Any CPU = Release|Any CPU
	EndGlobalSection
	GlobalSection(ProjectConfigurationPlatforms) = postSolution
		{1A1B6CAA-443C-4E28-8A9B-6959B63FC76E}.Debug|Any CPU.ActiveCfg = Debug|Any CPU
		{1A1B6CAA-443C-4E28-8A9B-6959B63FC76E}.Debug|Any CPU.Build.0 = Debug|Any CPU
		{1A1B6CAA-443C-4E28-8A9B-6959B63FC76E}.Release|Any CPU.ActiveCfg = Release|Any CPU
		{1A1B6CAA-443C-4E28-8A9B-6959B63FC76E}.Release|Any CPU.Build.0 = Release|Any CPU
	EndGlobalSection
	GlobalSection(SolutionProperties) = preSolution
		HideSolutionNode = FALSE
	EndGlobalSection
EndGlobal
